
Microsoft Visual Studio Solution File, Format Version 12.00
# Visual Studio Version 17
VisualStudioVersion = 17.6.33815.320
MinimumVisualStudioVersion = 10.0.40219.1
Project("{888888A0-9F3D-457C-B088-3A5042F75D52}") = "advanced costumer segmentation", "advanced costumer segmentation\advanced costumer segmentation.pyproj", "{E7A857F6-6CD8-48CD-AFE9-D14604C07820}"
EndProject
Global
	GlobalSection(SolutionConfigurationPlatforms) = preSolution
		Debug|Any CPU = Debug|Any CPU
		Release|Any CPU = Release|Any CPU
	EndGlobalSection
	GlobalSection(ProjectConfigurationPlatforms) = postSolution
		{E7A857F6-6CD8-48CD-AFE9-D14604C07820}.Debug|Any CPU.ActiveCfg = Debug|Any CPU
		{E7A857F6-6CD8-48CD-AFE9-D14604C07820}.Release|Any CPU.ActiveCfg = Release|Any CPU
	EndGlobalSection
	GlobalSection(SolutionProperties) = preSolution
		HideSolutionNode = FALSE
	EndGlobalSection
	GlobalSection(ExtensibilityGlobals) = postSolution
		SolutionGuid = {CB5E23D7-6AD0-449C-9AEC-030CBF343271}
	EndGlobalSection
EndGlobal
